// !$*UTF8*$!
{
	archiveVersion = 1;
	classes = {
	};
	objectVersion = 50;
	objects = {

/* Begin PBXBuildFile section */
		ADBB158421CC6DA80074F252 /* MyTableViewController.swift in Sources */ = {isa = PBXBuildFile; fileRef = ADBB158321CC6DA80074F252 /* MyTableViewController.swift */; };
		ADBB158621CC6E7A0074F252 /* MyTableViewCell.swift in Sources */ = {isa = PBXBuildFile; fileRef = ADBB158521CC6E7A0074F252 /* MyTableViewCell.swift */; };
		BD1159BA217967DF003C6AEB /* AppDelegate.swift in Sources */ = {isa = PBXBuildFile; fileRef = BD1159B9217967DF003C6AEB /* AppDelegate.swift */; };
		BD1159BC217967DF003C6AEB /* ViewController.swift in Sources */ = {isa = PBXBuildFile; fileRef = BD1159BB217967DF003C6AEB /* ViewController.swift */; };
		BD1159BF217967DF003C6AEB /* Main.storyboard in Resources */ = {isa = PBXBuildFile; fileRef = BD1159BD217967DF003C6AEB /* Main.storyboard */; };
		BD1159C1217967E0003C6AEB /* Assets.xcassets in Resources */ = {isa = PBXBuildFile; fileRef = BD1159C0217967E0003C6AEB /* Assets.xcassets */; };
		BD1159C4217967E0003C6AEB /* LaunchScreen.storyboard in Resources */ = {isa = PBXBuildFile; fileRef = BD1159C2217967E0003C6AEB /* LaunchScreen.storyboard */; };
		BD1159CC21796910003C6AEB /* music.mp3 in Resources */ = {isa = PBXBuildFile; fileRef = BD1159CB2179690F003C6AEB /* music.mp3 */; };
		BD43F1ED21798672003C01E0 /* stop.png in Resources */ = {isa = PBXBuildFile; fileRef = BD43F1E721798672003C01E0 /* stop.png */; };
		BD43F1EE21798672003C01E0 /* music.png in Resources */ = {isa = PBXBuildFile; fileRef = BD43F1E821798672003C01E0 /* music.png */; };
		BD43F1EF21798672003C01E0 /* pause.png in Resources */ = {isa = PBXBuildFile; fileRef = BD43F1E921798672003C01E0 /* pause.png */; };
		BD43F1F021798672003C01E0 /* next.png in Resources */ = {isa = PBXBuildFile; fileRef = BD43F1EA21798672003C01E0 /* next.png */; };
		BD43F1F121798672003C01E0 /* play.png in Resources */ = {isa = PBXBuildFile; fileRef = BD43F1EB21798672003C01E0 /* play.png */; };
		BD43F1F221798672003C01E0 /* previous.png in Resources */ = {isa = PBXBuildFile; fileRef = BD43F1EC21798672003C01E0 /* previous.png */; };
/* End PBXBuildFile section */

/* Begin PBXFileReference section */
		ADBB158321CC6DA80074F252 /* MyTableViewController.swift */ = {isa = PBXFileReference; lastKnownFileType = sourcecode.swift; path = MyTableViewController.swift; sourceTree = "<group>"; };
		ADBB158521CC6E7A0074F252 /* MyTableViewCell.swift */ = {isa = PBXFileReference; lastKnownFileType = sourcecode.swift; path = MyTableViewCell.swift; sourceTree = "<group>"; };
		BD1159B6217967DF003C6AEB /* MyMusic.app */ = {isa = PBXFileReference; explicitFileType = wrapper.application; includeInIndex = 0; path = MyMusic.app; sourceTree = BUILT_PRODUCTS_DIR; };
		BD1159B9217967DF003C6AEB /* AppDelegate.swift */ = {isa = PBXFileReference; lastKnownFileType = sourcecode.swift; path = AppDelegate.swift; sourceTree = "<group>"; };
		BD1159BB217967DF003C6AEB /* ViewController.swift */ = {isa = PBXFileReference; lastKnownFileType = sourcecode.swift; path = ViewController.swift; sourceTree = "<group>"; };
		BD1159BE217967DF003C6AEB /* Base */ = {isa = PBXFileReference; lastKnownFileType = file.storyboard; name = Base; path = Base.lproj/Main.storyboard; sourceTree = "<group>"; };
		BD1159C0217967E0003C6AEB /* Assets.xcassets */ = {isa = PBXFileReference; lastKnownFileType = folder.assetcatalog; path = Assets.xcassets; sourceTree = "<group>"; };
		BD1159C3217967E0003C6AEB /* Base */ = {isa = PBXFileReference; lastKnownFileType = file.storyboard; name = Base; path = Base.lproj/LaunchScreen.storyboard; sourceTree = "<group>"; };
		BD1159C5217967E0003C6AEB /* Info.plist */ = {isa = PBXFileReference; lastKnownFileType = text.plist.xml; path = Info.plist; sourceTree = "<group>"; };
		BD1159CB2179690F003C6AEB /* music.mp3 */ = {isa = PBXFileReference; lastKnownFileType = audio.mp3; path = music.mp3; sourceTree = "<group>"; };
		BD43F1E721798672003C01E0 /* stop.png */ = {isa = PBXFileReference; lastKnownFileType = image.png; path = stop.png; sourceTree = "<group>"; };
		BD43F1E821798672003C01E0 /* music.png */ = {isa = PBXFileReference; lastKnownFileType = image.png; path = music.png; sourceTree = "<group>"; };
		BD43F1E921798672003C01E0 /* pause.png */ = {isa = PBXFileReference; lastKnownFileType = image.png; path = pause.png; sourceTree = "<group>"; };
		BD43F1EA21798672003C01E0 /* next.png */ = {isa = PBXFileReference; lastKnownFileType = image.png; path = next.png; sourceTree = "<group>"; };
		BD43F1EB21798672003C01E0 /* play.png */ = {isa = PBXFileReference; lastKnownFileType = image.png; path = play.png; sourceTree = "<group>"; };
		BD43F1EC21798672003C01E0 /* previous.png */ = {isa = PBXFileReference; lastKnownFileType = image.png; path = previous.png; sourceTree = "<group>"; };
/* End PBXFileReference section */

/* Begin PBXFrameworksBuildPhase section */
		BD1159B3217967DF003C6AEB /* Frameworks */ = {
			isa = PBXFrameworksBuildPhase;
			buildActionMask = 2147483647;
			files = (
			);
			runOnlyForDeploymentPostprocessing = 0;
		};
/* End PBXFrameworksBuildPhase section */

/* Begin PBXGroup section */
		BD1159AD217967DF003C6AEB = {
			isa = PBXGroup;
			children = (
				BD1159B8217967DF003C6AEB /* MyMusic */,
				BD1159B7217967DF003C6AEB /* Products */,
			);
			sourceTree = "<group>";
		};
		BD1159B7217967DF003C6AEB /* Products */ = {
			isa = PBXGroup;
			children = (
				BD1159B6217967DF003C6AEB /* MyMusic.app */,
			);
			name = Products;
			sourceTree = "<group>";
		};
		BD1159B8217967DF003C6AEB /* MyMusic */ = {
			isa = PBXGroup;
			children = (
				BD43F1E621798672003C01E0 /* images */,
				BD1159CB2179690F003C6AEB /* music.mp3 */,
				BD1159B9217967DF003C6AEB /* AppDelegate.swift */,
				BD1159BB217967DF003C6AEB /* ViewController.swift */,
				ADBB158321CC6DA80074F252 /* MyTableViewController.swift */,
				BD1159BD217967DF003C6AEB /* Main.storyboard */,
				ADBB158521CC6E7A0074F252 /* MyTableViewCell.swift */,
				BD1159C0217967E0003C6AEB /* Assets.xcassets */,
				BD1159C2217967E0003C6AEB /* LaunchScreen.storyboard */,
				BD1159C5217967E0003C6AEB /* Info.plist */,
			);
			path = MyMusic;
			sourceTree = "<group>";
		};
		BD43F1E621798672003C01E0 /* images */ = {
			isa = PBXGroup;
			children = (
				BD43F1E721798672003C01E0 /* stop.png */,
				BD43F1E821798672003C01E0 /* music.png */,
				BD43F1E921798672003C01E0 /* pause.png */,
				BD43F1EA21798672003C01E0 /* next.png */,
				BD43F1EB21798672003C01E0 /* play.png */,
				BD43F1EC21798672003C01E0 /* previous.png */,
			);
			path = images;
			sourceTree = "<group>";
		};
/* End PBXGroup section */

/* Begin PBXNativeTarget section */
		BD1159B5217967DF003C6AEB /* MyMusic */ = {
			isa = PBXNativeTarget;
			buildConfigurationList = BD1159C8217967E0003C6AEB /* Build configuration list for PBXNativeTarget "MyMusic" */;
			buildPhases = (
				BD1159B2217967DF003C6AEB /* Sources */,
				BD1159B3217967DF003C6AEB /* Frameworks */,
				BD1159B4217967DF003C6AEB /* Resources */,
			);
			buildRules = (
			);
			dependencies = (
			);
			name = MyMusic;
			productName = MyMusic;
			productReference = BD1159B6217967DF003C6AEB /* MyMusic.app */;
			productType = "com.apple.product-type.application";
		};
/* End PBXNativeTarget section */

/* Begin PBXProject section */
		BD1159AE217967DF003C6AEB /* Project object */ = {
			isa = PBXProject;
			attributes = {
				LastSwiftUpdateCheck = 1000;
				LastUpgradeCheck = 1000;
				ORGANIZATIONNAME = perkinsung;
				TargetAttributes = {
					BD1159B5217967DF003C6AEB = {
						CreatedOnToolsVersion = 10.0;
						SystemCapabilities = {
							com.apple.BackgroundModes = {
								enabled = 1;
							};
						};
					};
				};
			};
			buildConfigurationList = BD1159B1217967DF003C6AEB /* Build configuration list for PBXProject "MyMusic" */;
			compatibilityVersion = "Xcode 9.3";
			developmentRegion = en;
			hasScannedForEncodings = 0;
			knownRegions = (
				en,
				Base,
			);
			mainGroup = BD1159AD217967DF003C6AEB;
			productRefGroup = BD1159B7217967DF003C6AEB /* Products */;
			projectDirPath = "";
			projectRoot = "";
			targets = (
				BD1159B5217967DF003C6AEB /* MyMusic */,
			);
		};
/* End PBXProject section */

/* Begin PBXResourcesBuildPhase section */
		BD1159B4217967DF003C6AEB /* Resources */ = {
			isa = PBXResourcesBuildPhase;
			buildActionMask = 2147483647;
			files = (
				BD1159CC21796910003C6AEB /* music.mp3 in Resources */,
				BD43F1ED21798672003C01E0 /* stop.png in Resources */,
				BD43F1F221798672003C01E0 /* previous.png in Resources */,
				BD43F1F121798672003C01E0 /* play.png in Resources */,
				BD43F1F021798672003C01E0 /* next.png in Resources */,
				BD1159C4217967E0003C6AEB /* LaunchScreen.storyboard in Resources */,
				BD43F1EF21798672003C01E0 /* pause.png in Resources */,
				BD1159C1217967E0003C6AEB /* Assets.xcassets in Resources */,
				BD1159BF217967DF003C6AEB /* Main.storyboard in Resources */,
				BD43F1EE21798672003C01E0 /* music.png in Resources */,
			);
			runOnlyForDeploymentPostprocessing = 0;
		};
/* End PBXResourcesBuildPhase section */

/* Begin PBXSourcesBuildPhase section */
		BD1159B2217967DF003C6AEB /* Sources */ = {
			isa = PBXSourcesBuildPhase;
			buildActionMask = 2147483647;
			files = (
				BD1159BC217967DF003C6AEB /* ViewController.swift in Sources */,
				ADBB158621CC6E7A0074F252 /* MyTableViewCell.swift in Sources */,
				ADBB158421CC6DA80074F252 /* MyTableViewController.swift in Sources */,
				BD1159BA217967DF003C6AEB /* AppDelegate.swift in Sources */,
			);
			runOnlyForDeploymentPostprocessing = 0;
		};
/* End PBXSourcesBuildPhase section */

/* Begin PBXVariantGroup section */
		BD1159BD217967DF003C6AEB /* Main.storyboard */ = {
			isa = PBXVariantGroup;
			children = (
				BD1159BE217967DF003C6AEB /* Base */,
			);
			name = Main.storyboard;
			sourceTree = "<group>";
		};
		BD1159C2217967E0003C6AEB /* LaunchScreen.storyboard */ = {
			isa = PBXVariantGroup;
			children = (
				BD1159C3217967E0003C6AEB /* Base */,
			);
			name = LaunchScreen.storyboard;
			sourceTree = "<group>";
		};
/* End PBXVariantGroup section */

/* Begin XCBuildConfiguration section */
		BD1159C6217967E0003C6AEB /* Debug */ = {
			isa = XCBuildConfiguration;
			buildSettings = {
				ALWAYS_SEARCH_USER_PATHS = NO;
				CLANG_ANALYZER_NONNULL = YES;
				CLANG_ANALYZER_NUMBER_OBJECT_CONVERSION = YES_AGGRESSIVE;
				CLANG_CXX_LANGUAGE_STANDARD = "gnu++14";
				CLANG_CXX_LIBRARY = "libc++";
				CLANG_ENABLE_MODULES = YES;
				CLANG_ENABLE_OBJC_ARC = YES;
				CLANG_ENABLE_OBJC_WEAK = YES;
				CLANG_WARN_BLOCK_CAPTURE_AUTORELEASING = YES;
				CLANG_WARN_BOOL_CONVERSION = YES;
				CLANG_WARN_COMMA = YES;
				CLANG_WARN_CONSTANT_CONVERSION = YES;
				CLANG_WARN_DEPRECATED_OBJC_IMPLEMENTATIONS = YES;
				CLANG_WARN_DIRECT_OBJC_ISA_USAGE = YES_ERROR;
				CLANG_WARN_DOCUMENTATION_COMMENTS = YES;
				CLANG_WARN_EMPTY_BODY = YES;
				CLANG_WARN_ENUM_CONVERSION = YES;
				CLANG_WARN_INFINITE_RECURSION = YES;
				CLANG_WARN_INT_CONVERSION = YES;
				CLANG_WARN_NON_LITERAL_NULL_CONVERSION = YES;
				CLANG_WARN_OBJC_IMPLICIT_RETAIN_SELF = YES;
				CLANG_WARN_OBJC_LITERAL_CONVERSION = YES;
				CLANG_WARN_OBJC_ROOT_CLASS = YES_ERROR;
				CLANG_WARN_RANGE_LOOP_ANALYSIS = YES;
				CLANG_WARN_STRICT_PROTOTYPES = YES;
				CLANG_WARN_SUSPICIOUS_MOVE = YES;
				CLANG_WARN_UNGUARDED_AVAILABILITY = YES_AGGRESSIVE;
				CLANG_WARN_UNREACHABLE_CODE = YES;
				CLANG_WARN__DUPLICATE_METHOD_MATCH = YES;
				CODE_SIGN_IDENTITY = "iPhone Developer";
				COPY_PHASE_STRIP = NO;
				DEBUG_INFORMATION_FORMAT = dwarf;
				ENABLE_STRICT_OBJC_MSGSEND = YES;
				ENABLE_TESTABILITY = YES;
				GCC_C_LANGUAGE_STANDARD = gnu11;
				GCC_DYNAMIC_NO_PIC = NO;
				GCC_NO_COMMON_BLOCKS = YES;
				GCC_OPTIMIZATION_LEVEL = 0;
				GCC_PREPROCESSOR_DEFINITIONS = (
					"DEBUG=1",
					"$(inherited)",
				);
				GCC_WARN_64_TO_32_BIT_CONVERSION = YES;
				GCC_WARN_ABOUT_RETURN_TYPE = YES_ERROR;
				GCC_WARN_UNDECLARED_SELECTOR = YES;
				GCC_WARN_UNINITIALIZED_AUTOS = YES_AGGRESSIVE;
				GCC_WARN_UNUSED_FUNCTION = YES;
				GCC_WARN_UNUSED_VARIABLE = YES;
				IPHONEOS_DEPLOYMENT_TARGET = 10.3;
				MTL_ENABLE_DEBUG_INFO = INCLUDE_SOURCE;
				MTL_FAST_MATH = YES;
				ONLY_ACTIVE_ARCH = YES;
				SDKROOT = iphoneos;
				SWIFT_ACTIVE_COMPILATION_CONDITIONS = DEBUG;
				SWIFT_OPTIMIZATION_LEVEL = "-Onone";
			};
			name = Debug;
		};
		BD1159C7217967E0003C6AEB /* Release */ = {
			isa = XCBuildConfiguration;
			buildSettings = {
				ALWAYS_SEARCH_USER_PATHS = NO;
				CLANG_ANALYZER_NONNULL = YES;
				CLANG_ANALYZER_NUMBER_OBJECT_CONVERSION = YES_AGGRESSIVE;
				CLANG_CXX_LANGUAGE_STANDARD = "gnu++14";
				CLANG_CXX_LIBRARY = "libc++";
				CLANG_ENABLE_MODULES = YES;
				CLANG_ENABLE_OBJC_ARC = YES;
				CLANG_ENABLE_OBJC_WEAK = YES;
				CLANG_WARN_BLOCK_CAPTURE_AUTORELEASING = YES;
				CLANG_WARN_BOOL_CONVERSION = YES;
				CLANG_WARN_COMMA = YES;
				CLANG_WARN_CONSTANT_CONVERSION = YES;
				CLANG_WARN_DEPRECATED_OBJC_IMPLEMENTATIONS = YES;
				CLANG_WARN_DIRECT_OBJC_ISA_USAGE = YES_ERROR;
				CLANG_WARN_DOCUMENTATION_COMMENTS = YES;
				CLANG_WARN_EMPTY_BODY = YES;
				CLANG_WARN_ENUM_CONVERSION = YES;
				CLANG_WARN_INFINITE_RECURSION = YES;
				CLANG_WARN_INT_CONVERSION = YES;
				CLANG_WARN_NON_LITERAL_NULL_CONVERSION = YES;
				CLANG_WARN_OBJC_IMPLICIT_RETAIN_SELF = YES;
				CLANG_WARN_OBJC_LITERAL_CONVERSION = YES;
				CLANG_WARN_OBJC_ROOT_CLASS = YES_ERROR;
				CLANG_WARN_RANGE_LOOP_ANALYSIS = YES;
				CLANG_WARN_STRICT_PROTOTYPES = YES;
				CLANG_WARN_SUSPICIOUS_MOVE = YES;
				CLANG_WARN_UNGUARDED_AVAILABILITY = YES_AGGRESSIVE;
				CLANG_WARN_UNREACHABLE_CODE = YES;
				CLANG_WARN__DUPLICATE_METHOD_MATCH = YES;
				CODE_SIGN_IDENTITY = "iPhone Developer";
				COPY_PHASE_STRIP = NO;
				DEBUG_INFORMATION_FORMAT = "dwarf-with-dsym";
				ENABLE_NS_ASSERTIONS = NO;
				ENABLE_STRICT_OBJC_MSGSEND = YES;
				GCC_C_LANGUAGE_STANDARD = gnu11;
				GCC_NO_COMMON_BLOCKS = YES;
				GCC_WARN_64_TO_32_BIT_CONVERSION = YES;
				GCC_WARN_ABOUT_RETURN_TYPE = YES_ERROR;
				GCC_WARN_UNDECLARED_SELECTOR = YES;
				GCC_WARN_UNINITIALIZED_AUTOS = YES_AGGRESSIVE;
				GCC_WARN_UNUSED_FUNCTION = YES;
				GCC_WARN_UNUSED_VARIABLE = YES;
				IPHONEOS_DEPLOYMENT_TARGET = 10.3;
				MTL_ENABLE_DEBUG_INFO = NO;
				MTL_FAST_MATH = YES;
				SDKROOT = iphoneos;
				SWIFT_COMPILATION_MODE = wholemodule;
				SWIFT_OPTIMIZATION_LEVEL = "-O";
				VALIDATE_PRODUCT = YES;
			};
			name = Release;
		};
		BD1159C9217967E0003C6AEB /* Debug */ = {
			isa = XCBuildConfiguration;
			buildSettings = {
				ASSETCATALOG_COMPILER_APPICON_NAME = AppIcon;
				CODE_SIGN_STYLE = Automatic;
				DEVELOPMENT_TEAM = 6GVDL4Y27X;
				INFOPLIST_FILE = MyMusic/Info.plist;
				LD_RUNPATH_SEARCH_PATHS = (
					"$(inherited)",
					"@executable_path/Frameworks",
				);
				PRODUCT_BUNDLE_IDENTIFIER = "com.studio-pj.MyMusic";
				PRODUCT_NAME = "$(TARGET_NAME)";
				SWIFT_VERSION = 4.2;
				TARGETED_DEVICE_FAMILY = "1,2";
			};
			name = Debug;
		};
		BD1159CA217967E0003C6AEB /* Release */ = {
			isa = XCBuildConfiguration;
			buildSettings = {
				ASSETCATALOG_COMPILER_APPICON_NAME = AppIcon;
				CODE_SIGN_STYLE = Automatic;
				DEVELOPMENT_TEAM = 6GVDL4Y27X;
				INFOPLIST_FILE = MyMusic/Info.plist;
				LD_RUNPATH_SEARCH_PATHS = (
					"$(inherited)",
					"@executable_path/Frameworks",
				);
				PRODUCT_BUNDLE_IDENTIFIER = "com.studio-pj.MyMusic";
				PRODUCT_NAME = "$(TARGET_NAME)";
				SWIFT_VERSION = 4.2;
				TARGETED_DEVICE_FAMILY = "1,2";
			};
			name = Release;
		};
/* End XCBuildConfiguration section */

/* Begin XCConfigurationList section */
		BD1159B1217967DF003C6AEB /* Build configuration list for PBXProject "MyMusic" */ = {
			isa = XCConfigurationList;
			buildConfigurations = (
				BD1159C6217967E0003C6AEB /* Debug */,
				BD1159C7217967E0003C6AEB /* Release */,
			);
			defaultConfigurationIsVisible = 0;
			defaultConfigurationName = Release;
		};
		BD1159C8217967E0003C6AEB /* Build configuration list for PBXNativeTarget "MyMusic" */ = {
			isa = XCConfigurationList;
			buildConfigurations = (
				BD1159C9217967E0003C6AEB /* Debug */,
				BD1159CA217967E0003C6AEB /* Release */,
			);
			defaultConfigurationIsVisible = 0;
			defaultConfigurationName = Release;
		};
/* End XCConfigurationList section */
	};
	rootObject = BD1159AE217967DF003C6AEB /* Project object */;
}
